
Microsoft Visual Studio Solution File, Format Version 12.00
# Visual Studio Version 17
VisualStudioVersion = 17.7.34031.279
MinimumVisualStudioVersion = 10.0.40219.1
Project("{FAE04EC0-301F-11D3-BF4B-00C04F79EFBC}") = "HangfireScheduler", "HangfireScheduler\HangfireScheduler.csproj", "{87696E8B-2E79-4CED-9075-CF925B064E4A}"
EndProject
Global
	GlobalSection(SolutionConfigurationPlatforms) = preSolution
		Debug|Any CPU = Debug|Any CPU
		Release|Any CPU = Release|Any CPU
	EndGlobalSection
	GlobalSection(ProjectConfigurationPlatforms) = postSolution
		{87696E8B-2E79-4CED-9075-CF925B064E4A}.Debug|Any CPU.ActiveCfg = Debug|Any CPU
		{87696E8B-2E79-4CED-9075-CF925B064E4A}.Debug|Any CPU.Build.0 = Debug|Any CPU
		{87696E8B-2E79-4CED-9075-CF925B064E4A}.Release|Any CPU.ActiveCfg = Release|Any CPU
		{87696E8B-2E79-4CED-9075-CF925B064E4A}.Release|Any CPU.Build.0 = Release|Any CPU
	EndGlobalSection
	GlobalSection(SolutionProperties) = preSolution
		HideSolutionNode = FALSE
	EndGlobalSection
	GlobalSection(ExtensibilityGlobals) = postSolution
		SolutionGuid = {8135BF19-D5AF-41C0-9B2E-144F909AA2DC}
	EndGlobalSection
EndGlobal
